
Microsoft Visual Studio Solution File, Format Version 12.00
# Visual Studio 15
VisualStudioVersion = 15.0.27428.2037
MinimumVisualStudioVersion = 10.0.40219.1
Project("{FAE04EC0-301F-11D3-BF4B-00C04F79EFBC}") = "TwitterClone", "TwitterClone\TwitterClone.csproj", "{A36BAAE1-FD62-40B8-8A83-DCDC26590A5C}"
EndProject
Global
	GlobalSection(SolutionConfigurationPlatforms) = preSolution
		Debug|Any CPU = Debug|Any CPU
		Release|Any CPU = Release|Any CPU
	EndGlobalSection
	GlobalSection(ProjectConfigurationPlatforms) = postSolution
		{A36BAAE1-FD62-40B8-8A83-DCDC26590A5C}.Debug|Any CPU.ActiveCfg = Debug|Any CPU
		{A36BAAE1-FD62-40B8-8A83-DCDC26590A5C}.Debug|Any CPU.Build.0 = Debug|Any CPU
		{A36BAAE1-FD62-40B8-8A83-DCDC26590A5C}.Release|Any CPU.ActiveCfg = Release|Any CPU
		{A36BAAE1-FD62-40B8-8A83-DCDC26590A5C}.Release|Any CPU.Build.0 = Release|Any CPU
	EndGlobalSection
	GlobalSection(SolutionProperties) = preSolution
		HideSolutionNode = FALSE
	EndGlobalSection
	GlobalSection(ExtensibilityGlobals) = postSolution
		SolutionGuid = {6310B90C-6EA2-4E53-9D9C-74DF8B175150}
	EndGlobalSection
EndGlobal
